
Microsoft Visual Studio Solution File, Format Version 12.00
# Visual Studio Version 17
VisualStudioVersion = 17.13.35931.197 d17.13
MinimumVisualStudioVersion = 10.0.40219.1
Project("{FAE04EC0-301F-11D3-BF4B-00C04F79EFBC}") = "AccountSecurityApp", "AccountSecurityApp\AccountSecurityApp.csproj", "{2FFA0F3A-FB55-4039-AE2B-F5A1B1C384DA}"
EndProject
Global
	GlobalSection(SolutionConfigurationPlatforms) = preSolution
		Debug|Any CPU = Debug|Any CPU
		Release|Any CPU = Release|Any CPU
	EndGlobalSection
	GlobalSection(ProjectConfigurationPlatforms) = postSolution
		{2FFA0F3A-FB55-4039-AE2B-F5A1B1C384DA}.Debug|Any CPU.ActiveCfg = Debug|Any CPU
		{2FFA0F3A-FB55-4039-AE2B-F5A1B1C384DA}.Debug|Any CPU.Build.0 = Debug|Any CPU
		{2FFA0F3A-FB55-4039-AE2B-F5A1B1C384DA}.Release|Any CPU.ActiveCfg = Release|Any CPU
		{2FFA0F3A-FB55-4039-AE2B-F5A1B1C384DA}.Release|Any CPU.Build.0 = Release|Any CPU
	EndGlobalSection
	GlobalSection(SolutionProperties) = preSolution
		HideSolutionNode = FALSE
	EndGlobalSection
	GlobalSection(ExtensibilityGlobals) = postSolution
		SolutionGuid = {3664B68A-5402-4A85-B27A-0E55BD72CC2A}
	EndGlobalSection
EndGlobal
